
Microsoft Visual Studio Solution File, Format Version 12.00
# Visual Studio Version 16
VisualStudioVersion = 16.0.29215.179
MinimumVisualStudioVersion = 10.0.40219.1
Project("{FAE04EC0-301F-11D3-BF4B-00C04F79EFBC}") = "Opgave 1", "Opgave 1\Opgave 1.csproj", "{E820558B-2689-41F2-8A09-D9077A6BA2EB}"
EndProject
Project("{FAE04EC0-301F-11D3-BF4B-00C04F79EFBC}") = "Opgave 2", "Opgave 2\Opgave 2.csproj", "{3B6C7BC9-925B-4460-9B27-3CC689BA7BB6}"
EndProject
Project("{FAE04EC0-301F-11D3-BF4B-00C04F79EFBC}") = "Opgave 3", "Opgave 3\Opgave 3.csproj", "{DC7A7D70-C5CF-4747-8702-3CFD332DEC8B}"
EndProject
Global
	GlobalSection(SolutionConfigurationPlatforms) = preSolution
		Debug|Any CPU = Debug|Any CPU
		Release|Any CPU = Release|Any CPU
	EndGlobalSection
	GlobalSection(ProjectConfigurationPlatforms) = postSolution
		{E820558B-2689-41F2-8A09-D9077A6BA2EB}.Debug|Any CPU.ActiveCfg = Debug|Any CPU
		{E820558B-2689-41F2-8A09-D9077A6BA2EB}.Debug|Any CPU.Build.0 = Debug|Any CPU
		{E820558B-2689-41F2-8A09-D9077A6BA2EB}.Release|Any CPU.ActiveCfg = Release|Any CPU
		{E820558B-2689-41F2-8A09-D9077A6BA2EB}.Release|Any CPU.Build.0 = Release|Any CPU
		{3B6C7BC9-925B-4460-9B27-3CC689BA7BB6}.Debug|Any CPU.ActiveCfg = Debug|Any CPU
		{3B6C7BC9-925B-4460-9B27-3CC689BA7BB6}.Debug|Any CPU.Build.0 = Debug|Any CPU
		{3B6C7BC9-925B-4460-9B27-3CC689BA7BB6}.Release|Any CPU.ActiveCfg = Release|Any CPU
		{3B6C7BC9-925B-4460-9B27-3CC689BA7BB6}.Release|Any CPU.Build.0 = Release|Any CPU
		{DC7A7D70-C5CF-4747-8702-3CFD332DEC8B}.Debug|Any CPU.ActiveCfg = Debug|Any CPU
		{DC7A7D70-C5CF-4747-8702-3CFD332DEC8B}.Debug|Any CPU.Build.0 = Debug|Any CPU
		{DC7A7D70-C5CF-4747-8702-3CFD332DEC8B}.Release|Any CPU.ActiveCfg = Release|Any CPU
		{DC7A7D70-C5CF-4747-8702-3CFD332DEC8B}.Release|Any CPU.Build.0 = Release|Any CPU
	EndGlobalSection
	GlobalSection(SolutionProperties) = preSolution
		HideSolutionNode = FALSE
	EndGlobalSection
	GlobalSection(ExtensibilityGlobals) = postSolution
		SolutionGuid = {67A7FABC-BF32-46D6-931E-D763DD12586F}
	EndGlobalSection
EndGlobal
