
Microsoft Visual Studio Solution File, Format Version 12.00
# Visual Studio Version 16
VisualStudioVersion = 16.0.29215.179
MinimumVisualStudioVersion = 10.0.40219.1
Project("{FAE04EC0-301F-11D3-BF4B-00C04F79EFBC}") = "Opdracht 1", "Opdracht 1\Opdracht 1.csproj", "{07D5A00C-DE06-4262-B34E-7E54DC4E8F03}"
EndProject
Project("{FAE04EC0-301F-11D3-BF4B-00C04F79EFBC}") = "MyTools", "MyTools\MyTools.csproj", "{41294063-3423-4C48-A9F4-68AA0F9BAC2A}"
EndProject
Project("{FAE04EC0-301F-11D3-BF4B-00C04F79EFBC}") = "Opdracht 2", "Opdracht 2\Opdracht 2.csproj", "{3D4578CB-7467-44F9-988D-4B85108E8AEB}"
EndProject
Project("{FAE04EC0-301F-11D3-BF4B-00C04F79EFBC}") = "CandyCrushLogic", "CandyCrushLogics\CandyCrushLogic.csproj", "{48B56120-0AB1-45A6-9E2E-74D25FD58023}"
EndProject
Project("{FAE04EC0-301F-11D3-BF4B-00C04F79EFBC}") = "Opdracht 3", "Opdracht 3\Opdracht 3.csproj", "{007551AA-BCC5-4828-83D7-252FE96D6A48}"
EndProject
Project("{FAE04EC0-301F-11D3-BF4B-00C04F79EFBC}") = "Opdracht 4", "Opdracht 4\Opdracht 4.csproj", "{E21E241F-BBE1-4DEF-93F9-B56ADC8CB996}"
EndProject
Global
	GlobalSection(SolutionConfigurationPlatforms) = preSolution
		Debug|Any CPU = Debug|Any CPU
		Release|Any CPU = Release|Any CPU
	EndGlobalSection
	GlobalSection(ProjectConfigurationPlatforms) = postSolution
		{07D5A00C-DE06-4262-B34E-7E54DC4E8F03}.Debug|Any CPU.ActiveCfg = Debug|Any CPU
		{07D5A00C-DE06-4262-B34E-7E54DC4E8F03}.Debug|Any CPU.Build.0 = Debug|Any CPU
		{07D5A00C-DE06-4262-B34E-7E54DC4E8F03}.Release|Any CPU.ActiveCfg = Release|Any CPU
		{07D5A00C-DE06-4262-B34E-7E54DC4E8F03}.Release|Any CPU.Build.0 = Release|Any CPU
		{41294063-3423-4C48-A9F4-68AA0F9BAC2A}.Debug|Any CPU.ActiveCfg = Debug|Any CPU
		{41294063-3423-4C48-A9F4-68AA0F9BAC2A}.Debug|Any CPU.Build.0 = Debug|Any CPU
		{41294063-3423-4C48-A9F4-68AA0F9BAC2A}.Release|Any CPU.ActiveCfg = Release|Any CPU
		{41294063-3423-4C48-A9F4-68AA0F9BAC2A}.Release|Any CPU.Build.0 = Release|Any CPU
		{3D4578CB-7467-44F9-988D-4B85108E8AEB}.Debug|Any CPU.ActiveCfg = Debug|Any CPU
		{3D4578CB-7467-44F9-988D-4B85108E8AEB}.Debug|Any CPU.Build.0 = Debug|Any CPU
		{3D4578CB-7467-44F9-988D-4B85108E8AEB}.Release|Any CPU.ActiveCfg = Release|Any CPU
		{3D4578CB-7467-44F9-988D-4B85108E8AEB}.Release|Any CPU.Build.0 = Release|Any CPU
		{48B56120-0AB1-45A6-9E2E-74D25FD58023}.Debug|Any CPU.ActiveCfg = Debug|Any CPU
		{48B56120-0AB1-45A6-9E2E-74D25FD58023}.Debug|Any CPU.Build.0 = Debug|Any CPU
		{48B56120-0AB1-45A6-9E2E-74D25FD58023}.Release|Any CPU.ActiveCfg = Release|Any CPU
		{48B56120-0AB1-45A6-9E2E-74D25FD58023}.Release|Any CPU.Build.0 = Release|Any CPU
		{007551AA-BCC5-4828-83D7-252FE96D6A48}.Debug|Any CPU.ActiveCfg = Debug|Any CPU
		{007551AA-BCC5-4828-83D7-252FE96D6A48}.Debug|Any CPU.Build.0 = Debug|Any CPU
		{007551AA-BCC5-4828-83D7-252FE96D6A48}.Release|Any CPU.ActiveCfg = Release|Any CPU
		{007551AA-BCC5-4828-83D7-252FE96D6A48}.Release|Any CPU.Build.0 = Release|Any CPU
		{E21E241F-BBE1-4DEF-93F9-B56ADC8CB996}.Debug|Any CPU.ActiveCfg = Debug|Any CPU
		{E21E241F-BBE1-4DEF-93F9-B56ADC8CB996}.Debug|Any CPU.Build.0 = Debug|Any CPU
		{E21E241F-BBE1-4DEF-93F9-B56ADC8CB996}.Release|Any CPU.ActiveCfg = Release|Any CPU
		{E21E241F-BBE1-4DEF-93F9-B56ADC8CB996}.Release|Any CPU.Build.0 = Release|Any CPU
	EndGlobalSection
	GlobalSection(SolutionProperties) = preSolution
		HideSolutionNode = FALSE
	EndGlobalSection
	GlobalSection(ExtensibilityGlobals) = postSolution
		SolutionGuid = {729C98C9-BDE2-4242-8261-A60EF4C0C995}
	EndGlobalSection
EndGlobal
