
Microsoft Visual Studio Solution File, Format Version 12.00
# Visual Studio Version 16
VisualStudioVersion = 16.0.29215.179
MinimumVisualStudioVersion = 10.0.40219.1
Project("{9A19103F-16F7-4668-BE54-9A1E7A4F7556}") = "Model", "Model\Model.csproj", "{DDFD34F9-4931-4EFF-8929-FCFA5DD2B82B}"
EndProject
Project("{FAE04EC0-301F-11D3-BF4B-00C04F79EFBC}") = "test", "test\test.csproj", "{6FC1CD48-98FF-4895-82FF-2E0CEAC6D2B6}"
EndProject
Project("{FAE04EC0-301F-11D3-BF4B-00C04F79EFBC}") = "DAL", "DAL\DAL.csproj", "{01B3913A-081F-489F-A49B-4C2A0D436E69}"
EndProject
Global
	GlobalSection(SolutionConfigurationPlatforms) = preSolution
		Debug|Any CPU = Debug|Any CPU
		Release|Any CPU = Release|Any CPU
	EndGlobalSection
	GlobalSection(ProjectConfigurationPlatforms) = postSolution
		{DDFD34F9-4931-4EFF-8929-FCFA5DD2B82B}.Debug|Any CPU.ActiveCfg = Debug|Any CPU
		{DDFD34F9-4931-4EFF-8929-FCFA5DD2B82B}.Debug|Any CPU.Build.0 = Debug|Any CPU
		{DDFD34F9-4931-4EFF-8929-FCFA5DD2B82B}.Release|Any CPU.ActiveCfg = Release|Any CPU
		{DDFD34F9-4931-4EFF-8929-FCFA5DD2B82B}.Release|Any CPU.Build.0 = Release|Any CPU
		{6FC1CD48-98FF-4895-82FF-2E0CEAC6D2B6}.Debug|Any CPU.ActiveCfg = Debug|Any CPU
		{6FC1CD48-98FF-4895-82FF-2E0CEAC6D2B6}.Debug|Any CPU.Build.0 = Debug|Any CPU
		{6FC1CD48-98FF-4895-82FF-2E0CEAC6D2B6}.Release|Any CPU.ActiveCfg = Release|Any CPU
		{6FC1CD48-98FF-4895-82FF-2E0CEAC6D2B6}.Release|Any CPU.Build.0 = Release|Any CPU
		{01B3913A-081F-489F-A49B-4C2A0D436E69}.Debug|Any CPU.ActiveCfg = Debug|Any CPU
		{01B3913A-081F-489F-A49B-4C2A0D436E69}.Debug|Any CPU.Build.0 = Debug|Any CPU
		{01B3913A-081F-489F-A49B-4C2A0D436E69}.Release|Any CPU.ActiveCfg = Release|Any CPU
		{01B3913A-081F-489F-A49B-4C2A0D436E69}.Release|Any CPU.Build.0 = Release|Any CPU
	EndGlobalSection
	GlobalSection(SolutionProperties) = preSolution
		HideSolutionNode = FALSE
	EndGlobalSection
	GlobalSection(ExtensibilityGlobals) = postSolution
		SolutionGuid = {C79C0B2E-3689-43D2-9BA6-62B2B4A6C675}
	EndGlobalSection
EndGlobal
